
Microsoft Visual Studio Solution File, Format Version 12.00
# Visual Studio Version 17
VisualStudioVersion = 17.4.33213.308
MinimumVisualStudioVersion = 10.0.40219.1
Project("{FAE04EC0-301F-11D3-BF4B-00C04F79EFBC}") = "Api_Training_Swagger", "Api_Training_Swagger\Api_Training_Swagger.csproj", "{D34CCB7D-5E90-4C55-90CE-C09157FEA602}"
EndProject
Global
	GlobalSection(SolutionConfigurationPlatforms) = preSolution
		Debug|Any CPU = Debug|Any CPU
		Release|Any CPU = Release|Any CPU
	EndGlobalSection
	GlobalSection(ProjectConfigurationPlatforms) = postSolution
		{D34CCB7D-5E90-4C55-90CE-C09157FEA602}.Debug|Any CPU.ActiveCfg = Debug|Any CPU
		{D34CCB7D-5E90-4C55-90CE-C09157FEA602}.Debug|Any CPU.Build.0 = Debug|Any CPU
		{D34CCB7D-5E90-4C55-90CE-C09157FEA602}.Release|Any CPU.ActiveCfg = Release|Any CPU
		{D34CCB7D-5E90-4C55-90CE-C09157FEA602}.Release|Any CPU.Build.0 = Release|Any CPU
	EndGlobalSection
	GlobalSection(SolutionProperties) = preSolution
		HideSolutionNode = FALSE
	EndGlobalSection
	GlobalSection(ExtensibilityGlobals) = postSolution
		SolutionGuid = {EFE61379-10A1-4B6A-BFF9-F36CFA1889FD}
	EndGlobalSection
EndGlobal
